
Microsoft Visual Studio Solution File, Format Version 12.00
# Visual Studio Version 16
VisualStudioVersion = 16.0.809.0
MinimumVisualStudioVersion = 10.0.40219.1
Project("{FAE04EC0-301F-11D3-BF4B-00C04F79EFBC}") = "HealtEdge.Api.UnitTests", "HealtEdge.Api.UnitTests\HealtEdge.Api.UnitTests.csproj", "{0CC7EEE6-5936-4C39-B9FA-ED57A9C6FF22}"
EndProject
Project("{FAE04EC0-301F-11D3-BF4B-00C04F79EFBC}") = "HealthEdgeApi", "HealthEdgeApi\HealthEdgeApi.csproj", "{C4FBBF2A-850C-4646-9E7C-102854758453}"
EndProject
Global
	GlobalSection(SolutionConfigurationPlatforms) = preSolution
		Debug|Any CPU = Debug|Any CPU
		Release|Any CPU = Release|Any CPU
	EndGlobalSection
	GlobalSection(ProjectConfigurationPlatforms) = postSolution
		{0CC7EEE6-5936-4C39-B9FA-ED57A9C6FF22}.Debug|Any CPU.ActiveCfg = Debug|Any CPU
		{0CC7EEE6-5936-4C39-B9FA-ED57A9C6FF22}.Debug|Any CPU.Build.0 = Debug|Any CPU
		{0CC7EEE6-5936-4C39-B9FA-ED57A9C6FF22}.Release|Any CPU.ActiveCfg = Release|Any CPU
		{0CC7EEE6-5936-4C39-B9FA-ED57A9C6FF22}.Release|Any CPU.Build.0 = Release|Any CPU
		{C4FBBF2A-850C-4646-9E7C-102854758453}.Debug|Any CPU.ActiveCfg = Debug|Any CPU
		{C4FBBF2A-850C-4646-9E7C-102854758453}.Debug|Any CPU.Build.0 = Debug|Any CPU
		{C4FBBF2A-850C-4646-9E7C-102854758453}.Release|Any CPU.ActiveCfg = Release|Any CPU
		{C4FBBF2A-850C-4646-9E7C-102854758453}.Release|Any CPU.Build.0 = Release|Any CPU
	EndGlobalSection
	GlobalSection(SolutionProperties) = preSolution
		HideSolutionNode = FALSE
	EndGlobalSection
	GlobalSection(ExtensibilityGlobals) = postSolution
		SolutionGuid = {EA5253F2-71E9-40D3-98D4-D43E5FEB01B6}
	EndGlobalSection
EndGlobal
